// !$*UTF8*$!
{
	archiveVersion = 1;
	classes = {
	};
	objectVersion = 46;
	objects = {

/* Begin PBXBuildFile section */
		3F1CD8EE1C120A3700D545CB /* AppDelegate.swift in Sources */ = {isa = PBXBuildFile; fileRef = 3F1CD8ED1C120A3700D545CB /* AppDelegate.swift */; };
		3F1CD8F01C120A3700D545CB /* ViewController.swift in Sources */ = {isa = PBXBuildFile; fileRef = 3F1CD8EF1C120A3700D545CB /* ViewController.swift */; };
		3F1CD8F31C120A3700D545CB /* Main.storyboard in Resources */ = {isa = PBXBuildFile; fileRef = 3F1CD8F11C120A3700D545CB /* Main.storyboard */; };
		3F1CD8F61C120A3700D545CB /* Prata.xcdatamodeld in Sources */ = {isa = PBXBuildFile; fileRef = 3F1CD8F41C120A3700D545CB /* Prata.xcdatamodeld */; };
		3F1CD8F81C120A3700D545CB /* Assets.xcassets in Resources */ = {isa = PBXBuildFile; fileRef = 3F1CD8F71C120A3700D545CB /* Assets.xcassets */; };
		3F1CD8FB1C120A3700D545CB /* LaunchScreen.storyboard in Resources */ = {isa = PBXBuildFile; fileRef = 3F1CD8F91C120A3700D545CB /* LaunchScreen.storyboard */; };
		3F1CD9061C120A3700D545CB /* PrataTests.swift in Sources */ = {isa = PBXBuildFile; fileRef = 3F1CD9051C120A3700D545CB /* PrataTests.swift */; };
		3F1CD9111C120A3700D545CB /* PrataUITests.swift in Sources */ = {isa = PBXBuildFile; fileRef = 3F1CD9101C120A3700D545CB /* PrataUITests.swift */; };
		3F1CD91F1C120C0600D545CB /* VCLista.swift in Sources */ = {isa = PBXBuildFile; fileRef = 3F1CD91E1C120C0600D545CB /* VCLista.swift */; };
		3F1CD9211C120E2A00D545CB /* CellController.swift in Sources */ = {isa = PBXBuildFile; fileRef = 3F1CD9201C120E2A00D545CB /* CellController.swift */; };
/* End PBXBuildFile section */

/* Begin PBXContainerItemProxy section */
		3F1CD9021C120A3700D545CB /* PBXContainerItemProxy */ = {
			isa = PBXContainerItemProxy;
			containerPortal = 3F1CD8E21C120A3700D545CB /* Project object */;
			proxyType = 1;
			remoteGlobalIDString = 3F1CD8E91C120A3700D545CB;
			remoteInfo = Prata;
		};
		3F1CD90D1C120A3700D545CB /* PBXContainerItemProxy */ = {
			isa = PBXContainerItemProxy;
			containerPortal = 3F1CD8E21C120A3700D545CB /* Project object */;
			proxyType = 1;
			remoteGlobalIDString = 3F1CD8E91C120A3700D545CB;
			remoteInfo = Prata;
		};
/* End PBXContainerItemProxy section */

/* Begin PBXFileReference section */
		3F1CD8EA1C120A3700D545CB /* Prata.app */ = {isa = PBXFileReference; explicitFileType = wrapper.application; includeInIndex = 0; path = Prata.app; sourceTree = BUILT_PRODUCTS_DIR; };
		3F1CD8ED1C120A3700D545CB /* AppDelegate.swift */ = {isa = PBXFileReference; lastKnownFileType = sourcecode.swift; path = AppDelegate.swift; sourceTree = "<group>"; };
		3F1CD8EF1C120A3700D545CB /* ViewController.swift */ = {isa = PBXFileReference; lastKnownFileType = sourcecode.swift; path = ViewController.swift; sourceTree = "<group>"; };
		3F1CD8F21C120A3700D545CB /* Base */ = {isa = PBXFileReference; lastKnownFileType = file.storyboard; name = Base; path = Base.lproj/Main.storyboard; sourceTree = "<group>"; };
		3F1CD8F51C120A3700D545CB /* Prata.xcdatamodel */ = {isa = PBXFileReference; lastKnownFileType = wrapper.xcdatamodel; path = Prata.xcdatamodel; sourceTree = "<group>"; };
		3F1CD8F71C120A3700D545CB /* Assets.xcassets */ = {isa = PBXFileReference; lastKnownFileType = folder.assetcatalog; path = Assets.xcassets; sourceTree = "<group>"; };
		3F1CD8FA1C120A3700D545CB /* Base */ = {isa = PBXFileReference; lastKnownFileType = file.storyboard; name = Base; path = Base.lproj/LaunchScreen.storyboard; sourceTree = "<group>"; };
		3F1CD8FC1C120A3700D545CB /* Info.plist */ = {isa = PBXFileReference; lastKnownFileType = text.plist.xml; path = Info.plist; sourceTree = "<group>"; };
		3F1CD9011C120A3700D545CB /* PrataTests.xctest */ = {isa = PBXFileReference; explicitFileType = wrapper.cfbundle; includeInIndex = 0; path = PrataTests.xctest; sourceTree = BUILT_PRODUCTS_DIR; };
		3F1CD9051C120A3700D545CB /* PrataTests.swift */ = {isa = PBXFileReference; lastKnownFileType = sourcecode.swift; path = PrataTests.swift; sourceTree = "<group>"; };
		3F1CD9071C120A3700D545CB /* Info.plist */ = {isa = PBXFileReference; lastKnownFileType = text.plist.xml; path = Info.plist; sourceTree = "<group>"; };
		3F1CD90C1C120A3700D545CB /* PrataUITests.xctest */ = {isa = PBXFileReference; explicitFileType = wrapper.cfbundle; includeInIndex = 0; path = PrataUITests.xctest; sourceTree = BUILT_PRODUCTS_DIR; };
		3F1CD9101C120A3700D545CB /* PrataUITests.swift */ = {isa = PBXFileReference; lastKnownFileType = sourcecode.swift; path = PrataUITests.swift; sourceTree = "<group>"; };
		3F1CD9121C120A3700D545CB /* Info.plist */ = {isa = PBXFileReference; lastKnownFileType = text.plist.xml; path = Info.plist; sourceTree = "<group>"; };
		3F1CD91E1C120C0600D545CB /* VCLista.swift */ = {isa = PBXFileReference; fileEncoding = 4; lastKnownFileType = sourcecode.swift; path = VCLista.swift; sourceTree = "<group>"; };
		3F1CD9201C120E2A00D545CB /* CellController.swift */ = {isa = PBXFileReference; fileEncoding = 4; lastKnownFileType = sourcecode.swift; path = CellController.swift; sourceTree = "<group>"; };
/* End PBXFileReference section */

/* Begin PBXFrameworksBuildPhase section */
		3F1CD8E71C120A3700D545CB /* Frameworks */ = {
			isa = PBXFrameworksBuildPhase;
			buildActionMask = 2147483647;
			files = (
			);
			runOnlyForDeploymentPostprocessing = 0;
		};
		3F1CD8FE1C120A3700D545CB /* Frameworks */ = {
			isa = PBXFrameworksBuildPhase;
			buildActionMask = 2147483647;
			files = (
			);
			runOnlyForDeploymentPostprocessing = 0;
		};
		3F1CD9091C120A3700D545CB /* Frameworks */ = {
			isa = PBXFrameworksBuildPhase;
			buildActionMask = 2147483647;
			files = (
			);
			runOnlyForDeploymentPostprocessing = 0;
		};
/* End PBXFrameworksBuildPhase section */

/* Begin PBXGroup section */
		3F1CD8E11C120A3700D545CB = {
			isa = PBXGroup;
			children = (
				3F1CD8EC1C120A3700D545CB /* Prata */,
				3F1CD9041C120A3700D545CB /* PrataTests */,
				3F1CD90F1C120A3700D545CB /* PrataUITests */,
				3F1CD8EB1C120A3700D545CB /* Products */,
			);
			sourceTree = "<group>";
		};
		3F1CD8EB1C120A3700D545CB /* Products */ = {
			isa = PBXGroup;
			children = (
				3F1CD8EA1C120A3700D545CB /* Prata.app */,
				3F1CD9011C120A3700D545CB /* PrataTests.xctest */,
				3F1CD90C1C120A3700D545CB /* PrataUITests.xctest */,
			);
			name = Products;
			sourceTree = "<group>";
		};
		3F1CD8EC1C120A3700D545CB /* Prata */ = {
			isa = PBXGroup;
			children = (
				3F1CD8ED1C120A3700D545CB /* AppDelegate.swift */,
				3F1CD8EF1C120A3700D545CB /* ViewController.swift */,
				3F1CD8F11C120A3700D545CB /* Main.storyboard */,
				3F1CD91E1C120C0600D545CB /* VCLista.swift */,
				3F1CD9201C120E2A00D545CB /* CellController.swift */,
				3F1CD8F71C120A3700D545CB /* Assets.xcassets */,
				3F1CD8F91C120A3700D545CB /* LaunchScreen.storyboard */,
				3F1CD8FC1C120A3700D545CB /* Info.plist */,
				3F1CD8F41C120A3700D545CB /* Prata.xcdatamodeld */,
			);
			path = Prata;
			sourceTree = "<group>";
		};
		3F1CD9041C120A3700D545CB /* PrataTests */ = {
			isa = PBXGroup;
			children = (
				3F1CD9051C120A3700D545CB /* PrataTests.swift */,
				3F1CD9071C120A3700D545CB /* Info.plist */,
			);
			path = PrataTests;
			sourceTree = "<group>";
		};
		3F1CD90F1C120A3700D545CB /* PrataUITests */ = {
			isa = PBXGroup;
			children = (
				3F1CD9101C120A3700D545CB /* PrataUITests.swift */,
				3F1CD9121C120A3700D545CB /* Info.plist */,
			);
			path = PrataUITests;
			sourceTree = "<group>";
		};
/* End PBXGroup section */

/* Begin PBXNativeTarget section */
		3F1CD8E91C120A3700D545CB /* Prata */ = {
			isa = PBXNativeTarget;
			buildConfigurationList = 3F1CD9151C120A3700D545CB /* Build configuration list for PBXNativeTarget "Prata" */;
			buildPhases = (
				3F1CD8E61C120A3700D545CB /* Sources */,
				3F1CD8E71C120A3700D545CB /* Frameworks */,
				3F1CD8E81C120A3700D545CB /* Resources */,
			);
			buildRules = (
			);
			dependencies = (
			);
			name = Prata;
			productName = Prata;
			productReference = 3F1CD8EA1C120A3700D545CB /* Prata.app */;
			productType = "com.apple.product-type.application";
		};
		3F1CD9001C120A3700D545CB /* PrataTests */ = {
			isa = PBXNativeTarget;
			buildConfigurationList = 3F1CD9181C120A3700D545CB /* Build configuration list for PBXNativeTarget "PrataTests" */;
			buildPhases = (
				3F1CD8FD1C120A3700D545CB /* Sources */,
				3F1CD8FE1C120A3700D545CB /* Frameworks */,
				3F1CD8FF1C120A3700D545CB /* Resources */,
			);
			buildRules = (
			);
			dependencies = (
				3F1CD9031C120A3700D545CB /* PBXTargetDependency */,
			);
			name = PrataTests;
			productName = PrataTests;
			productReference = 3F1CD9011C120A3700D545CB /* PrataTests.xctest */;
			productType = "com.apple.product-type.bundle.unit-test";
		};
		3F1CD90B1C120A3700D545CB /* PrataUITests */ = {
			isa = PBXNativeTarget;
			buildConfigurationList = 3F1CD91B1C120A3700D545CB /* Build configuration list for PBXNativeTarget "PrataUITests" */;
			buildPhases = (
				3F1CD9081C120A3700D545CB /* Sources */,
				3F1CD9091C120A3700D545CB /* Frameworks */,
				3F1CD90A1C120A3700D545CB /* Resources */,
			);
			buildRules = (
			);
			dependencies = (
				3F1CD90E1C120A3700D545CB /* PBXTargetDependency */,
			);
			name = PrataUITests;
			productName = PrataUITests;
			productReference = 3F1CD90C1C120A3700D545CB /* PrataUITests.xctest */;
			productType = "com.apple.product-type.bundle.ui-testing";
		};
/* End PBXNativeTarget section */

/* Begin PBXProject section */
		3F1CD8E21C120A3700D545CB /* Project object */ = {
			isa = PBXProject;
			attributes = {
				LastSwiftUpdateCheck = 0710;
				LastUpgradeCheck = 0710;
				ORGANIZATIONNAME = Student;
				TargetAttributes = {
					3F1CD8E91C120A3700D545CB = {
						CreatedOnToolsVersion = 7.1;
					};
					3F1CD9001C120A3700D545CB = {
						CreatedOnToolsVersion = 7.1;
						TestTargetID = 3F1CD8E91C120A3700D545CB;
					};
					3F1CD90B1C120A3700D545CB = {
						CreatedOnToolsVersion = 7.1;
						TestTargetID = 3F1CD8E91C120A3700D545CB;
					};
				};
			};
			buildConfigurationList = 3F1CD8E51C120A3700D545CB /* Build configuration list for PBXProject "Prata" */;
			compatibilityVersion = "Xcode 3.2";
			developmentRegion = English;
			hasScannedForEncodings = 0;
			knownRegions = (
				en,
				Base,
			);
			mainGroup = 3F1CD8E11C120A3700D545CB;
			productRefGroup = 3F1CD8EB1C120A3700D545CB /* Products */;
			projectDirPath = "";
			projectRoot = "";
			targets = (
				3F1CD8E91C120A3700D545CB /* Prata */,
				3F1CD9001C120A3700D545CB /* PrataTests */,
				3F1CD90B1C120A3700D545CB /* PrataUITests */,
			);
		};
/* End PBXProject section */

/* Begin PBXResourcesBuildPhase section */
		3F1CD8E81C120A3700D545CB /* Resources */ = {
			isa = PBXResourcesBuildPhase;
			buildActionMask = 2147483647;
			files = (
				3F1CD8FB1C120A3700D545CB /* LaunchScreen.storyboard in Resources */,
				3F1CD8F81C120A3700D545CB /* Assets.xcassets in Resources */,
				3F1CD8F31C120A3700D545CB /* Main.storyboard in Resources */,
			);
			runOnlyForDeploymentPostprocessing = 0;
		};
		3F1CD8FF1C120A3700D545CB /* Resources */ = {
			isa = PBXResourcesBuildPhase;
			buildActionMask = 2147483647;
			files = (
			);
			runOnlyForDeploymentPostprocessing = 0;
		};
		3F1CD90A1C120A3700D545CB /* Resources */ = {
			isa = PBXResourcesBuildPhase;
			buildActionMask = 2147483647;
			files = (
			);
			runOnlyForDeploymentPostprocessing = 0;
		};
/* End PBXResourcesBuildPhase section */

/* Begin PBXSourcesBuildPhase section */
		3F1CD8E61C120A3700D545CB /* Sources */ = {
			isa = PBXSourcesBuildPhase;
			buildActionMask = 2147483647;
			files = (
				3F1CD8F01C120A3700D545CB /* ViewController.swift in Sources */,
				3F1CD8F61C120A3700D545CB /* Prata.xcdatamodeld in Sources */,
				3F1CD91F1C120C0600D545CB /* VCLista.swift in Sources */,
				3F1CD8EE1C120A3700D545CB /* AppDelegate.swift in Sources */,
				3F1CD9211C120E2A00D545CB /* CellController.swift in Sources */,
			);
			runOnlyForDeploymentPostprocessing = 0;
		};
		3F1CD8FD1C120A3700D545CB /* Sources */ = {
			isa = PBXSourcesBuildPhase;
			buildActionMask = 2147483647;
			files = (
				3F1CD9061C120A3700D545CB /* PrataTests.swift in Sources */,
			);
			runOnlyForDeploymentPostprocessing = 0;
		};
		3F1CD9081C120A3700D545CB /* Sources */ = {
			isa = PBXSourcesBuildPhase;
			buildActionMask = 2147483647;
			files = (
				3F1CD9111C120A3700D545CB /* PrataUITests.swift in Sources */,
			);
			runOnlyForDeploymentPostprocessing = 0;
		};
/* End PBXSourcesBuildPhase section */

/* Begin PBXTargetDependency section */
		3F1CD9031C120A3700D545CB /* PBXTargetDependency */ = {
			isa = PBXTargetDependency;
			target = 3F1CD8E91C120A3700D545CB /* Prata */;
			targetProxy = 3F1CD9021C120A3700D545CB /* PBXContainerItemProxy */;
		};
		3F1CD90E1C120A3700D545CB /* PBXTargetDependency */ = {
			isa = PBXTargetDependency;
			target = 3F1CD8E91C120A3700D545CB /* Prata */;
			targetProxy = 3F1CD90D1C120A3700D545CB /* PBXContainerItemProxy */;
		};
/* End PBXTargetDependency section */

/* Begin PBXVariantGroup section */
		3F1CD8F11C120A3700D545CB /* Main.storyboard */ = {
			isa = PBXVariantGroup;
			children = (
				3F1CD8F21C120A3700D545CB /* Base */,
			);
			name = Main.storyboard;
			sourceTree = "<group>";
		};
		3F1CD8F91C120A3700D545CB /* LaunchScreen.storyboard */ = {
			isa = PBXVariantGroup;
			children = (
				3F1CD8FA1C120A3700D545CB /* Base */,
			);
			name = LaunchScreen.storyboard;
			sourceTree = "<group>";
		};
/* End PBXVariantGroup section */

/* Begin XCBuildConfiguration section */
		3F1CD9131C120A3700D545CB /* Debug */ = {
			isa = XCBuildConfiguration;
			buildSettings = {
				ALWAYS_SEARCH_USER_PATHS = NO;
				CLANG_CXX_LANGUAGE_STANDARD = "gnu++0x";
				CLANG_CXX_LIBRARY = "libc++";
				CLANG_ENABLE_MODULES = YES;
				CLANG_ENABLE_OBJC_ARC = YES;
				CLANG_WARN_BOOL_CONVERSION = YES;
				CLANG_WARN_CONSTANT_CONVERSION = YES;
				CLANG_WARN_DIRECT_OBJC_ISA_USAGE = YES_ERROR;
				CLANG_WARN_EMPTY_BODY = YES;
				CLANG_WARN_ENUM_CONVERSION = YES;
				CLANG_WARN_INT_CONVERSION = YES;
				CLANG_WARN_OBJC_ROOT_CLASS = YES_ERROR;
				CLANG_WARN_UNREACHABLE_CODE = YES;
				CLANG_WARN__DUPLICATE_METHOD_MATCH = YES;
				"CODE_SIGN_IDENTITY[sdk=iphoneos*]" = "iPhone Developer";
				COPY_PHASE_STRIP = NO;
				DEBUG_INFORMATION_FORMAT = dwarf;
				ENABLE_STRICT_OBJC_MSGSEND = YES;
				ENABLE_TESTABILITY = YES;
				GCC_C_LANGUAGE_STANDARD = gnu99;
				GCC_DYNAMIC_NO_PIC = NO;
				GCC_NO_COMMON_BLOCKS = YES;
				GCC_OPTIMIZATION_LEVEL = 0;
				GCC_PREPROCESSOR_DEFINITIONS = (
					"DEBUG=1",
					"$(inherited)",
				);
				GCC_WARN_64_TO_32_BIT_CONVERSION = YES;
				GCC_WARN_ABOUT_RETURN_TYPE = YES_ERROR;
				GCC_WARN_UNDECLARED_SELECTOR = YES;
				GCC_WARN_UNINITIALIZED_AUTOS = YES_AGGRESSIVE;
				GCC_WARN_UNUSED_FUNCTION = YES;
				GCC_WARN_UNUSED_VARIABLE = YES;
				IPHONEOS_DEPLOYMENT_TARGET = 9.1;
				MTL_ENABLE_DEBUG_INFO = YES;
				ONLY_ACTIVE_ARCH = YES;
				SDKROOT = iphoneos;
				SWIFT_OPTIMIZATION_LEVEL = "-Onone";
			};
			name = Debug;
		};
		3F1CD9141C120A3700D545CB /* Release */ = {
			isa = XCBuildConfiguration;
			buildSettings = {
				ALWAYS_SEARCH_USER_PATHS = NO;
				CLANG_CXX_LANGUAGE_STANDARD = "gnu++0x";
				CLANG_CXX_LIBRARY = "libc++";
				CLANG_ENABLE_MODULES = YES;
				CLANG_ENABLE_OBJC_ARC = YES;
				CLANG_WARN_BOOL_CONVERSION = YES;
				CLANG_WARN_CONSTANT_CONVERSION = YES;
				CLANG_WARN_DIRECT_OBJC_ISA_USAGE = YES_ERROR;
				CLANG_WARN_EMPTY_BODY = YES;
				CLANG_WARN_ENUM_CONVERSION = YES;
				CLANG_WARN_INT_CONVERSION = YES;
				CLANG_WARN_OBJC_ROOT_CLASS = YES_ERROR;
				CLANG_WARN_UNREACHABLE_CODE = YES;
				CLANG_WARN__DUPLICATE_METHOD_MATCH = YES;
				"CODE_SIGN_IDENTITY[sdk=iphoneos*]" = "iPhone Developer";
				COPY_PHASE_STRIP = NO;
				DEBUG_INFORMATION_FORMAT = "dwarf-with-dsym";
				ENABLE_NS_ASSERTIONS = NO;
				ENABLE_STRICT_OBJC_MSGSEND = YES;
				GCC_C_LANGUAGE_STANDARD = gnu99;
				GCC_NO_COMMON_BLOCKS = YES;
				GCC_WARN_64_TO_32_BIT_CONVERSION = YES;
				GCC_WARN_ABOUT_RETURN_TYPE = YES_ERROR;
				GCC_WARN_UNDECLARED_SELECTOR = YES;
				GCC_WARN_UNINITIALIZED_AUTOS = YES_AGGRESSIVE;
				GCC_WARN_UNUSED_FUNCTION = YES;
				GCC_WARN_UNUSED_VARIABLE = YES;
				IPHONEOS_DEPLOYMENT_TARGET = 9.1;
				MTL_ENABLE_DEBUG_INFO = NO;
				SDKROOT = iphoneos;
				VALIDATE_PRODUCT = YES;
			};
			name = Release;
		};
		3F1CD9161C120A3700D545CB /* Debug */ = {
			isa = XCBuildConfiguration;
			buildSettings = {
				ASSETCATALOG_COMPILER_APPICON_NAME = AppIcon;
				INFOPLIST_FILE = Prata/Info.plist;
				LD_RUNPATH_SEARCH_PATHS = "$(inherited) @executable_path/Frameworks";
				PRODUCT_BUNDLE_IDENTIFIER = byCasseb.Prata;
				PRODUCT_NAME = "$(TARGET_NAME)";
			};
			name = Debug;
		};
		3F1CD9171C120A3700D545CB /* Release */ = {
			isa = XCBuildConfiguration;
			buildSettings = {
				ASSETCATALOG_COMPILER_APPICON_NAME = AppIcon;
				INFOPLIST_FILE = Prata/Info.plist;
				LD_RUNPATH_SEARCH_PATHS = "$(inherited) @executable_path/Frameworks";
				PRODUCT_BUNDLE_IDENTIFIER = byCasseb.Prata;
				PRODUCT_NAME = "$(TARGET_NAME)";
			};
			name = Release;
		};
		3F1CD9191C120A3700D545CB /* Debug */ = {
			isa = XCBuildConfiguration;
			buildSettings = {
				BUNDLE_LOADER = "$(TEST_HOST)";
				INFOPLIST_FILE = PrataTests/Info.plist;
				LD_RUNPATH_SEARCH_PATHS = "$(inherited) @executable_path/Frameworks @loader_path/Frameworks";
				PRODUCT_BUNDLE_IDENTIFIER = byCasseb.PrataTests;
				PRODUCT_NAME = "$(TARGET_NAME)";
				TEST_HOST = "$(BUILT_PRODUCTS_DIR)/Prata.app/Prata";
			};
			name = Debug;
		};
		3F1CD91A1C120A3700D545CB /* Release */ = {
			isa = XCBuildConfiguration;
			buildSettings = {
				BUNDLE_LOADER = "$(TEST_HOST)";
				INFOPLIST_FILE = PrataTests/Info.plist;
				LD_RUNPATH_SEARCH_PATHS = "$(inherited) @executable_path/Frameworks @loader_path/Frameworks";
				PRODUCT_BUNDLE_IDENTIFIER = byCasseb.PrataTests;
				PRODUCT_NAME = "$(TARGET_NAME)";
				TEST_HOST = "$(BUILT_PRODUCTS_DIR)/Prata.app/Prata";
			};
			name = Release;
		};
		3F1CD91C1C120A3700D545CB /* Debug */ = {
			isa = XCBuildConfiguration;
			buildSettings = {
				INFOPLIST_FILE = PrataUITests/Info.plist;
				LD_RUNPATH_SEARCH_PATHS = "$(inherited) @executable_path/Frameworks @loader_path/Frameworks";
				PRODUCT_BUNDLE_IDENTIFIER = byCasseb.PrataUITests;
				PRODUCT_NAME = "$(TARGET_NAME)";
				TEST_TARGET_NAME = Prata;
				USES_XCTRUNNER = YES;
			};
			name = Debug;
		};
		3F1CD91D1C120A3700D545CB /* Release */ = {
			isa = XCBuildConfiguration;
			buildSettings = {
				INFOPLIST_FILE = PrataUITests/Info.plist;
				LD_RUNPATH_SEARCH_PATHS = "$(inherited) @executable_path/Frameworks @loader_path/Frameworks";
				PRODUCT_BUNDLE_IDENTIFIER = byCasseb.PrataUITests;
				PRODUCT_NAME = "$(TARGET_NAME)";
				TEST_TARGET_NAME = Prata;
				USES_XCTRUNNER = YES;
			};
			name = Release;
		};
/* End XCBuildConfiguration section */

/* Begin XCConfigurationList section */
		3F1CD8E51C120A3700D545CB /* Build configuration list for PBXProject "Prata" */ = {
			isa = XCConfigurationList;
			buildConfigurations = (
				3F1CD9131C120A3700D545CB /* Debug */,
				3F1CD9141C120A3700D545CB /* Release */,
			);
			defaultConfigurationIsVisible = 0;
			defaultConfigurationName = Release;
		};
		3F1CD9151C120A3700D545CB /* Build configuration list for PBXNativeTarget "Prata" */ = {
			isa = XCConfigurationList;
			buildConfigurations = (
				3F1CD9161C120A3700D545CB /* Debug */,
				3F1CD9171C120A3700D545CB /* Release */,
			);
			defaultConfigurationIsVisible = 0;
		};
		3F1CD9181C120A3700D545CB /* Build configuration list for PBXNativeTarget "PrataTests" */ = {
			isa = XCConfigurationList;
			buildConfigurations = (
				3F1CD9191C120A3700D545CB /* Debug */,
				3F1CD91A1C120A3700D545CB /* Release */,
			);
			defaultConfigurationIsVisible = 0;
		};
		3F1CD91B1C120A3700D545CB /* Build configuration list for PBXNativeTarget "PrataUITests" */ = {
			isa = XCConfigurationList;
			buildConfigurations = (
				3F1CD91C1C120A3700D545CB /* Debug */,
				3F1CD91D1C120A3700D545CB /* Release */,
			);
			defaultConfigurationIsVisible = 0;
		};
/* End XCConfigurationList section */

/* Begin XCVersionGroup section */
		3F1CD8F41C120A3700D545CB /* Prata.xcdatamodeld */ = {
			isa = XCVersionGroup;
			children = (
				3F1CD8F51C120A3700D545CB /* Prata.xcdatamodel */,
			);
			currentVersion = 3F1CD8F51C120A3700D545CB /* Prata.xcdatamodel */;
			path = Prata.xcdatamodeld;
			sourceTree = "<group>";
			versionGroupType = wrapper.xcdatamodel;
		};
/* End XCVersionGroup section */
	};
	rootObject = 3F1CD8E21C120A3700D545CB /* Project object */;
}
